
Microsoft Visual Studio Solution File, Format Version 12.00
# Visual Studio Version 17
VisualStudioVersion = 17.6.33815.320
MinimumVisualStudioVersion = 10.0.40219.1
Project("{2150E333-8FDC-42A3-9474-1A3956D46DE8}") = "Core", "Core", "{0416B461-75F5-49C0-A9B9-7D1DB0863C21}"
EndProject
Project("{9A19103F-16F7-4668-BE54-9A1E7A4F7556}") = "Core", "Core\ClassLibrary1\Core.csproj", "{A6C05EE2-8DBD-4EF0-BF2D-C8E57F8C9DD6}"
EndProject
Project("{2150E333-8FDC-42A3-9474-1A3956D46DE8}") = "Data", "Data", "{1C6BCCB7-318C-4E9F-83B0-F03AB2418680}"
EndProject
Project("{9A19103F-16F7-4668-BE54-9A1E7A4F7556}") = "DataAccess", "Data\DataAccess\DataAccess.csproj", "{D44DFB18-6088-4AFD-B258-3CC57C9AFA01}"
EndProject
Project("{9A19103F-16F7-4668-BE54-9A1E7A4F7556}") = "Entities", "Data\Models\Entities.csproj", "{A18B28C9-742B-4A1C-9F99-204B5BF22FCD}"
EndProject
Project("{2150E333-8FDC-42A3-9474-1A3956D46DE8}") = "Presentation", "Presentation", "{0C1A1760-2039-4C98-8F00-CF4D84F32945}"
EndProject
Project("{9A19103F-16F7-4668-BE54-9A1E7A4F7556}") = "Animal.WebAPI", "Presentation\Animal.WebAPI\Animal.WebAPI.csproj", "{B4A6BE52-9C4F-4155-A83A-9D0C1B410CB7}"
EndProject
Project("{2150E333-8FDC-42A3-9474-1A3956D46DE8}") = "Provider", "Provider", "{AF026D66-57D3-4333-9C53-B21752F74A17}"
EndProject
Project("{9A19103F-16F7-4668-BE54-9A1E7A4F7556}") = "AnimalProvider", "Provider\AnimalProvider\AnimalProvider.csproj", "{A6A68BF0-D5BE-476D-98B8-36C2093EB855}"
EndProject
Project("{9A19103F-16F7-4668-BE54-9A1E7A4F7556}") = "Animal.Web", "Presentation\Animal.Web\Animal.Web.csproj", "{E75566D0-1D47-43BF-8F9C-FB5AD58E503D}"
EndProject
Project("{9A19103F-16F7-4668-BE54-9A1E7A4F7556}") = "ViewModel", "Data\ViewModel\ViewModel.csproj", "{9E146185-FA66-4EC0-ACB4-318F9E3EF9F4}"
EndProject
Global
	GlobalSection(SolutionConfigurationPlatforms) = preSolution
		Debug|Any CPU = Debug|Any CPU
		Release|Any CPU = Release|Any CPU
	EndGlobalSection
	GlobalSection(ProjectConfigurationPlatforms) = postSolution
		{A6C05EE2-8DBD-4EF0-BF2D-C8E57F8C9DD6}.Debug|Any CPU.ActiveCfg = Debug|Any CPU
		{A6C05EE2-8DBD-4EF0-BF2D-C8E57F8C9DD6}.Debug|Any CPU.Build.0 = Debug|Any CPU
		{A6C05EE2-8DBD-4EF0-BF2D-C8E57F8C9DD6}.Release|Any CPU.ActiveCfg = Release|Any CPU
		{A6C05EE2-8DBD-4EF0-BF2D-C8E57F8C9DD6}.Release|Any CPU.Build.0 = Release|Any CPU
		{D44DFB18-6088-4AFD-B258-3CC57C9AFA01}.Debug|Any CPU.ActiveCfg = Debug|Any CPU
		{D44DFB18-6088-4AFD-B258-3CC57C9AFA01}.Debug|Any CPU.Build.0 = Debug|Any CPU
		{D44DFB18-6088-4AFD-B258-3CC57C9AFA01}.Release|Any CPU.ActiveCfg = Release|Any CPU
		{D44DFB18-6088-4AFD-B258-3CC57C9AFA01}.Release|Any CPU.Build.0 = Release|Any CPU
		{A18B28C9-742B-4A1C-9F99-204B5BF22FCD}.Debug|Any CPU.ActiveCfg = Debug|Any CPU
		{A18B28C9-742B-4A1C-9F99-204B5BF22FCD}.Debug|Any CPU.Build.0 = Debug|Any CPU
		{A18B28C9-742B-4A1C-9F99-204B5BF22FCD}.Release|Any CPU.ActiveCfg = Release|Any CPU
		{A18B28C9-742B-4A1C-9F99-204B5BF22FCD}.Release|Any CPU.Build.0 = Release|Any CPU
		{B4A6BE52-9C4F-4155-A83A-9D0C1B410CB7}.Debug|Any CPU.ActiveCfg = Debug|Any CPU
		{B4A6BE52-9C4F-4155-A83A-9D0C1B410CB7}.Debug|Any CPU.Build.0 = Debug|Any CPU
		{B4A6BE52-9C4F-4155-A83A-9D0C1B410CB7}.Release|Any CPU.ActiveCfg = Release|Any CPU
		{B4A6BE52-9C4F-4155-A83A-9D0C1B410CB7}.Release|Any CPU.Build.0 = Release|Any CPU
		{A6A68BF0-D5BE-476D-98B8-36C2093EB855}.Debug|Any CPU.ActiveCfg = Debug|Any CPU
		{A6A68BF0-D5BE-476D-98B8-36C2093EB855}.Debug|Any CPU.Build.0 = Debug|Any CPU
		{A6A68BF0-D5BE-476D-98B8-36C2093EB855}.Release|Any CPU.ActiveCfg = Release|Any CPU
		{A6A68BF0-D5BE-476D-98B8-36C2093EB855}.Release|Any CPU.Build.0 = Release|Any CPU
		{E75566D0-1D47-43BF-8F9C-FB5AD58E503D}.Debug|Any CPU.ActiveCfg = Debug|Any CPU
		{E75566D0-1D47-43BF-8F9C-FB5AD58E503D}.Debug|Any CPU.Build.0 = Debug|Any CPU
		{E75566D0-1D47-43BF-8F9C-FB5AD58E503D}.Release|Any CPU.ActiveCfg = Release|Any CPU
		{E75566D0-1D47-43BF-8F9C-FB5AD58E503D}.Release|Any CPU.Build.0 = Release|Any CPU
		{9E146185-FA66-4EC0-ACB4-318F9E3EF9F4}.Debug|Any CPU.ActiveCfg = Debug|Any CPU
		{9E146185-FA66-4EC0-ACB4-318F9E3EF9F4}.Debug|Any CPU.Build.0 = Debug|Any CPU
		{9E146185-FA66-4EC0-ACB4-318F9E3EF9F4}.Release|Any CPU.ActiveCfg = Release|Any CPU
		{9E146185-FA66-4EC0-ACB4-318F9E3EF9F4}.Release|Any CPU.Build.0 = Release|Any CPU
	EndGlobalSection
	GlobalSection(SolutionProperties) = preSolution
		HideSolutionNode = FALSE
	EndGlobalSection
	GlobalSection(NestedProjects) = preSolution
		{A6C05EE2-8DBD-4EF0-BF2D-C8E57F8C9DD6} = {0416B461-75F5-49C0-A9B9-7D1DB0863C21}
		{D44DFB18-6088-4AFD-B258-3CC57C9AFA01} = {1C6BCCB7-318C-4E9F-83B0-F03AB2418680}
		{A18B28C9-742B-4A1C-9F99-204B5BF22FCD} = {1C6BCCB7-318C-4E9F-83B0-F03AB2418680}
		{B4A6BE52-9C4F-4155-A83A-9D0C1B410CB7} = {0C1A1760-2039-4C98-8F00-CF4D84F32945}
		{A6A68BF0-D5BE-476D-98B8-36C2093EB855} = {AF026D66-57D3-4333-9C53-B21752F74A17}
		{E75566D0-1D47-43BF-8F9C-FB5AD58E503D} = {0C1A1760-2039-4C98-8F00-CF4D84F32945}
		{9E146185-FA66-4EC0-ACB4-318F9E3EF9F4} = {1C6BCCB7-318C-4E9F-83B0-F03AB2418680}
	EndGlobalSection
	GlobalSection(ExtensibilityGlobals) = postSolution
		SolutionGuid = {5B6A07BC-A7B9-499E-A1A9-7F080CEACB7C}
	EndGlobalSection
EndGlobal
